
Microsoft Visual Studio Solution File, Format Version 12.00
# Visual Studio 2013
VisualStudioVersion = 12.0.21005.1
MinimumVisualStudioVersion = 10.0.40219.1
Project("{FAE04EC0-301F-11D3-BF4B-00C04F79EFBC}") = "LibraryManagementSystem", "LibraryMangementSystem\LibraryManagementSystem.csproj", "{0C5A28F5-8121-4EE9-88A2-AC84CA711153}"
EndProject
Project("{FAE04EC0-301F-11D3-BF4B-00C04F79EFBC}") = "GlassButton", "LibraryMangementSystem\GlassButton\GlassButton.csproj", "{73A80AFA-C186-477A-A564-6936605AB6F0}"
EndProject
Project("{54435603-DBB4-11D2-8724-00A0C9A8B90C}") = "LibrarySetup", "LibrarySetup\LibrarySetup.vdproj", "{A107B5A6-F3AF-4190-BC14-FC22F1197391}"
EndProject
Project("{FAE04EC0-301F-11D3-BF4B-00C04F79EFBC}") = "ClassLibrary1", "ClassLibrary1\ClassLibrary1.csproj", "{77436663-A0DA-47CE-A865-C9B4CF8F48E6}"
EndProject
Global
	GlobalSection(SolutionConfigurationPlatforms) = preSolution
		Debug|Any CPU = Debug|Any CPU
		Release|Any CPU = Release|Any CPU
	EndGlobalSection
	GlobalSection(ProjectConfigurationPlatforms) = postSolution
		{0C5A28F5-8121-4EE9-88A2-AC84CA711153}.Debug|Any CPU.ActiveCfg = Debug|x86
		{0C5A28F5-8121-4EE9-88A2-AC84CA711153}.Debug|Any CPU.Build.0 = Debug|x86
		{0C5A28F5-8121-4EE9-88A2-AC84CA711153}.Release|Any CPU.ActiveCfg = Release|Any CPU
		{0C5A28F5-8121-4EE9-88A2-AC84CA711153}.Release|Any CPU.Build.0 = Release|Any CPU
		{73A80AFA-C186-477A-A564-6936605AB6F0}.Debug|Any CPU.ActiveCfg = Debug|Any CPU
		{73A80AFA-C186-477A-A564-6936605AB6F0}.Debug|Any CPU.Build.0 = Debug|Any CPU
		{73A80AFA-C186-477A-A564-6936605AB6F0}.Release|Any CPU.ActiveCfg = Release|Any CPU
		{73A80AFA-C186-477A-A564-6936605AB6F0}.Release|Any CPU.Build.0 = Release|Any CPU
		{A107B5A6-F3AF-4190-BC14-FC22F1197391}.Debug|Any CPU.ActiveCfg = Debug
		{A107B5A6-F3AF-4190-BC14-FC22F1197391}.Release|Any CPU.ActiveCfg = Release
		{77436663-A0DA-47CE-A865-C9B4CF8F48E6}.Debug|Any CPU.ActiveCfg = Debug|Any CPU
		{77436663-A0DA-47CE-A865-C9B4CF8F48E6}.Debug|Any CPU.Build.0 = Debug|Any CPU
		{77436663-A0DA-47CE-A865-C9B4CF8F48E6}.Release|Any CPU.ActiveCfg = Release|Any CPU
		{77436663-A0DA-47CE-A865-C9B4CF8F48E6}.Release|Any CPU.Build.0 = Release|Any CPU
	EndGlobalSection
	GlobalSection(SolutionProperties) = preSolution
		HideSolutionNode = FALSE
	EndGlobalSection
EndGlobal
